
Microsoft Visual Studio Solution File, Format Version 12.00
# Visual Studio Version 17
VisualStudioVersion = 17.3.32819.101
MinimumVisualStudioVersion = 10.0.40219.1
Project("{FAE04EC0-301F-11D3-BF4B-00C04F79EFBC}") = "structureexc1", "structureexc1.csproj", "{280FA5FD-648F-438A-8B9C-8B13CFD79577}"
EndProject
Global
	GlobalSection(SolutionConfigurationPlatforms) = preSolution
		Debug|Any CPU = Debug|Any CPU
		Release|Any CPU = Release|Any CPU
	EndGlobalSection
	GlobalSection(ProjectConfigurationPlatforms) = postSolution
		{280FA5FD-648F-438A-8B9C-8B13CFD79577}.Debug|Any CPU.ActiveCfg = Debug|Any CPU
		{280FA5FD-648F-438A-8B9C-8B13CFD79577}.Debug|Any CPU.Build.0 = Debug|Any CPU
		{280FA5FD-648F-438A-8B9C-8B13CFD79577}.Release|Any CPU.ActiveCfg = Release|Any CPU
		{280FA5FD-648F-438A-8B9C-8B13CFD79577}.Release|Any CPU.Build.0 = Release|Any CPU
	EndGlobalSection
	GlobalSection(SolutionProperties) = preSolution
		HideSolutionNode = FALSE
	EndGlobalSection
	GlobalSection(ExtensibilityGlobals) = postSolution
		SolutionGuid = {677FD74F-A379-4E5B-8B75-722D85AA4F9A}
	EndGlobalSection
EndGlobal
